
Microsoft Visual Studio Solution File, Format Version 12.00
# Visual Studio Version 17
VisualStudioVersion = 17.1.32407.343
MinimumVisualStudioVersion = 10.0.40219.1
Project("{9A19103F-16F7-4668-BE54-9A1E7A4F7556}") = "Project", "Project\Project.csproj", "{9237A850-0E41-4610-A5F0-7EDD121AE280}"
EndProject
Project("{FAE04EC0-301F-11D3-BF4B-00C04F79EFBC}") = "NUnitTests", "NUnitTests\NUnitTests.csproj", "{9AC66A3E-0FB8-402C-97BE-B2B92C9CE03D}"
EndProject
Global
	GlobalSection(SolutionConfigurationPlatforms) = preSolution
		Debug|Any CPU = Debug|Any CPU
		Release|Any CPU = Release|Any CPU
	EndGlobalSection
	GlobalSection(ProjectConfigurationPlatforms) = postSolution
		{9237A850-0E41-4610-A5F0-7EDD121AE280}.Debug|Any CPU.ActiveCfg = Debug|Any CPU
		{9237A850-0E41-4610-A5F0-7EDD121AE280}.Debug|Any CPU.Build.0 = Debug|Any CPU
		{9237A850-0E41-4610-A5F0-7EDD121AE280}.Release|Any CPU.ActiveCfg = Release|Any CPU
		{9237A850-0E41-4610-A5F0-7EDD121AE280}.Release|Any CPU.Build.0 = Release|Any CPU
		{9AC66A3E-0FB8-402C-97BE-B2B92C9CE03D}.Debug|Any CPU.ActiveCfg = Debug|Any CPU
		{9AC66A3E-0FB8-402C-97BE-B2B92C9CE03D}.Debug|Any CPU.Build.0 = Debug|Any CPU
		{9AC66A3E-0FB8-402C-97BE-B2B92C9CE03D}.Release|Any CPU.ActiveCfg = Release|Any CPU
		{9AC66A3E-0FB8-402C-97BE-B2B92C9CE03D}.Release|Any CPU.Build.0 = Release|Any CPU
	EndGlobalSection
	GlobalSection(SolutionProperties) = preSolution
		HideSolutionNode = FALSE
	EndGlobalSection
	GlobalSection(ExtensibilityGlobals) = postSolution
		SolutionGuid = {E85EA08A-F3CA-4206-ACF6-B86354F0F990}
	EndGlobalSection
EndGlobal
